
Microsoft Visual Studio Solution File, Format Version 12.00
# Visual Studio Version 17
VisualStudioVersion = 17.11.35303.130
MinimumVisualStudioVersion = 10.0.40219.1
Project("{FAE04EC0-301F-11D3-BF4B-00C04F79EFBC}") = "LB3_Blog", "LB3_Blog.csproj", "{580CC9D6-5333-414C-856E-360A2CF927E7}"
EndProject
Global
	GlobalSection(SolutionConfigurationPlatforms) = preSolution
		Debug|Any CPU = Debug|Any CPU
		Release|Any CPU = Release|Any CPU
	EndGlobalSection
	GlobalSection(ProjectConfigurationPlatforms) = postSolution
		{580CC9D6-5333-414C-856E-360A2CF927E7}.Debug|Any CPU.ActiveCfg = Debug|Any CPU
		{580CC9D6-5333-414C-856E-360A2CF927E7}.Debug|Any CPU.Build.0 = Debug|Any CPU
		{580CC9D6-5333-414C-856E-360A2CF927E7}.Release|Any CPU.ActiveCfg = Release|Any CPU
		{580CC9D6-5333-414C-856E-360A2CF927E7}.Release|Any CPU.Build.0 = Release|Any CPU
	EndGlobalSection
	GlobalSection(SolutionProperties) = preSolution
		HideSolutionNode = FALSE
	EndGlobalSection
	GlobalSection(ExtensibilityGlobals) = postSolution
		SolutionGuid = {01035138-B245-4281-A20C-2863E713F762}
	EndGlobalSection
EndGlobal
